
Microsoft Visual Studio Solution File, Format Version 12.00
# Visual Studio Version 17
VisualStudioVersion = 17.14.36603.0
MinimumVisualStudioVersion = 10.0.40219.1
Project("{2150E333-8FDC-42A3-9474-1A3956D46DE8}") = "Task0", "Task0", "{02EA681E-C7D8-13C7-8484-4AC65E1B71E8}"
EndProject
Project("{FAE04EC0-301F-11D3-BF4B-00C04F79EFBC}") = "Tyuiu.GolovanovDO.Sprint6.Task0.V22.Lib", "Tyuiu.GolovanovDO.Sprint6.Task0.V22.Lib\Tyuiu.GolovanovDO.Sprint6.Task0.V22.Lib.csproj", "{5E46170D-0935-4B72-A3F8-80DE6E4D18AC}"
EndProject
Project("{FAE04EC0-301F-11D3-BF4B-00C04F79EFBC}") = "Tyuiu.GolovanovDO.Sprint6.Task0.V22.Test", "Tyuiu.GolovanovDO.Sprint6.Task0.V22.Test\Tyuiu.GolovanovDO.Sprint6.Task0.V22.Test.csproj", "{C5A57894-3E7E-4EDC-B765-C5BFD8DDA398}"
EndProject
Project("{FAE04EC0-301F-11D3-BF4B-00C04F79EFBC}") = "Tyuiu.GolovanovDO.Sprint6.Task0.V22", "Tyuiu.GolovanovDO.Sprint6.Task0.V22\Tyuiu.GolovanovDO.Sprint6.Task0.V22.csproj", "{AF010D27-0CCF-4B30-8168-273472BFBEFD}"
EndProject
Project("{2150E333-8FDC-42A3-9474-1A3956D46DE8}") = "Task1", "Task1", "{EF073833-0A0C-4D87-A938-6E063993D261}"
EndProject
Project("{FAE04EC0-301F-11D3-BF4B-00C04F79EFBC}") = "Tyuiu.GolovanovDO.Sprint6.Task1.V10.Lib", "Tyuiu.GolovanovDO.Sprint6.Task1.V10.Lib\Tyuiu.GolovanovDO.Sprint6.Task1.V10.Lib.csproj", "{55361254-1B6F-4E47-9E02-E62478867E54}"
EndProject
Project("{FAE04EC0-301F-11D3-BF4B-00C04F79EFBC}") = "Tyuiu.GolovanovDO.Sprint6.Task1.V10.Test", "Tyuiu.GolovanovDO.Sprint6.Task1.V10.Test\Tyuiu.GolovanovDO.Sprint6.Task1.V10.Test.csproj", "{BDCB2E5A-D4AD-4BD1-A1DB-931E60CB4138}"
EndProject
Project("{FAE04EC0-301F-11D3-BF4B-00C04F79EFBC}") = "Tyuiu.GolovanovDO.Sprint6.Task1.V10.", "Tyuiu.GolovanovDO.Sprint6.Task1.V10\Tyuiu.GolovanovDO.Sprint6.Task1.V10..csproj", "{3B08DB47-F8BC-4B7D-9656-4187784B5DD4}"
EndProject
Project("{2150E333-8FDC-42A3-9474-1A3956D46DE8}") = "Task2", "Task2", "{B571336F-2F39-45DE-87AD-18CBE0A02367}"
EndProject
Project("{FAE04EC0-301F-11D3-BF4B-00C04F79EFBC}") = "Tyuiu.GolovanovDO.Sprint6.Task2.V18.Lib", "Tyuiu.GolovanovDO.Sprint6.Task2.V18.Lib\Tyuiu.GolovanovDO.Sprint6.Task2.V18.Lib.csproj", "{168F99EB-2E92-481B-96A5-728558136DAF}"
EndProject
Project("{FAE04EC0-301F-11D3-BF4B-00C04F79EFBC}") = "Tyuiu.GolovanovDO.Sprint6.Task2.V18.Test", "Tyuiu.GolovanovDO.Sprint6.Task2.V18.Test\Tyuiu.GolovanovDO.Sprint6.Task2.V18.Test.csproj", "{BC9DD0D3-66E0-456B-A005-55E586A34524}"
EndProject
Project("{FAE04EC0-301F-11D3-BF4B-00C04F79EFBC}") = "Tyuiu.GolovanovDO.Sprint6.Task2.V18", "Tyuiu.GolovanovDO.Sprint6.Task2.V18\Tyuiu.GolovanovDO.Sprint6.Task2.V18.csproj", "{5648C14B-9A38-44A1-81F4-CEC42D859EEC}"
EndProject
Project("{2150E333-8FDC-42A3-9474-1A3956D46DE8}") = "Task3", "Task3", "{9BE23186-CE45-4456-AB18-B70AF319D6B6}"
EndProject
Project("{FAE04EC0-301F-11D3-BF4B-00C04F79EFBC}") = "Tyuiu.GolovanovDO.Sprint6.Task3.V11.Lib", "Tyuiu.GolovanovDO.Sprint6.Task3.V11.Lib\Tyuiu.GolovanovDO.Sprint6.Task3.V11.Lib.csproj", "{A4AE24C6-A4D6-4D6B-ADDC-73CD0829A1DE}"
EndProject
Project("{FAE04EC0-301F-11D3-BF4B-00C04F79EFBC}") = "Tyuiu.GolovanovDO.Sprint6.Task3.V11.Test", "Tyuiu.GolovanovDO.Sprint6.Task3.V11.Test\Tyuiu.GolovanovDO.Sprint6.Task3.V11.Test.csproj", "{46A941F1-2536-4834-B491-35C6D73F9A1A}"
EndProject
Project("{FAE04EC0-301F-11D3-BF4B-00C04F79EFBC}") = "Tyuiu.GolovanovDO.Sprint6.Task3.V11", "Tyuiu.GolovanovDO.Sprint6.Task3.V11\Tyuiu.GolovanovDO.Sprint6.Task3.V11.csproj", "{3EC9465D-952B-40D7-9990-D77C5B5DB748}"
EndProject
Global
	GlobalSection(SolutionConfigurationPlatforms) = preSolution
		Debug|Any CPU = Debug|Any CPU
		Release|Any CPU = Release|Any CPU
	EndGlobalSection
	GlobalSection(ProjectConfigurationPlatforms) = postSolution
		{5E46170D-0935-4B72-A3F8-80DE6E4D18AC}.Debug|Any CPU.ActiveCfg = Debug|Any CPU
		{5E46170D-0935-4B72-A3F8-80DE6E4D18AC}.Debug|Any CPU.Build.0 = Debug|Any CPU
		{5E46170D-0935-4B72-A3F8-80DE6E4D18AC}.Release|Any CPU.ActiveCfg = Release|Any CPU
		{5E46170D-0935-4B72-A3F8-80DE6E4D18AC}.Release|Any CPU.Build.0 = Release|Any CPU
		{C5A57894-3E7E-4EDC-B765-C5BFD8DDA398}.Debug|Any CPU.ActiveCfg = Debug|Any CPU
		{C5A57894-3E7E-4EDC-B765-C5BFD8DDA398}.Debug|Any CPU.Build.0 = Debug|Any CPU
		{C5A57894-3E7E-4EDC-B765-C5BFD8DDA398}.Release|Any CPU.ActiveCfg = Release|Any CPU
		{C5A57894-3E7E-4EDC-B765-C5BFD8DDA398}.Release|Any CPU.Build.0 = Release|Any CPU
		{AF010D27-0CCF-4B30-8168-273472BFBEFD}.Debug|Any CPU.ActiveCfg = Debug|Any CPU
		{AF010D27-0CCF-4B30-8168-273472BFBEFD}.Debug|Any CPU.Build.0 = Debug|Any CPU
		{AF010D27-0CCF-4B30-8168-273472BFBEFD}.Release|Any CPU.ActiveCfg = Release|Any CPU
		{AF010D27-0CCF-4B30-8168-273472BFBEFD}.Release|Any CPU.Build.0 = Release|Any CPU
		{55361254-1B6F-4E47-9E02-E62478867E54}.Debug|Any CPU.ActiveCfg = Debug|Any CPU
		{55361254-1B6F-4E47-9E02-E62478867E54}.Debug|Any CPU.Build.0 = Debug|Any CPU
		{55361254-1B6F-4E47-9E02-E62478867E54}.Release|Any CPU.ActiveCfg = Release|Any CPU
		{55361254-1B6F-4E47-9E02-E62478867E54}.Release|Any CPU.Build.0 = Release|Any CPU
		{BDCB2E5A-D4AD-4BD1-A1DB-931E60CB4138}.Debug|Any CPU.ActiveCfg = Debug|Any CPU
		{BDCB2E5A-D4AD-4BD1-A1DB-931E60CB4138}.Debug|Any CPU.Build.0 = Debug|Any CPU
		{BDCB2E5A-D4AD-4BD1-A1DB-931E60CB4138}.Release|Any CPU.ActiveCfg = Release|Any CPU
		{BDCB2E5A-D4AD-4BD1-A1DB-931E60CB4138}.Release|Any CPU.Build.0 = Release|Any CPU
		{3B08DB47-F8BC-4B7D-9656-4187784B5DD4}.Debug|Any CPU.ActiveCfg = Debug|Any CPU
		{3B08DB47-F8BC-4B7D-9656-4187784B5DD4}.Debug|Any CPU.Build.0 = Debug|Any CPU
		{3B08DB47-F8BC-4B7D-9656-4187784B5DD4}.Release|Any CPU.ActiveCfg = Release|Any CPU
		{3B08DB47-F8BC-4B7D-9656-4187784B5DD4}.Release|Any CPU.Build.0 = Release|Any CPU
		{168F99EB-2E92-481B-96A5-728558136DAF}.Debug|Any CPU.ActiveCfg = Debug|Any CPU
		{168F99EB-2E92-481B-96A5-728558136DAF}.Debug|Any CPU.Build.0 = Debug|Any CPU
		{168F99EB-2E92-481B-96A5-728558136DAF}.Release|Any CPU.ActiveCfg = Release|Any CPU
		{168F99EB-2E92-481B-96A5-728558136DAF}.Release|Any CPU.Build.0 = Release|Any CPU
		{BC9DD0D3-66E0-456B-A005-55E586A34524}.Debug|Any CPU.ActiveCfg = Debug|Any CPU
		{BC9DD0D3-66E0-456B-A005-55E586A34524}.Debug|Any CPU.Build.0 = Debug|Any CPU
		{BC9DD0D3-66E0-456B-A005-55E586A34524}.Release|Any CPU.ActiveCfg = Release|Any CPU
		{BC9DD0D3-66E0-456B-A005-55E586A34524}.Release|Any CPU.Build.0 = Release|Any CPU
		{5648C14B-9A38-44A1-81F4-CEC42D859EEC}.Debug|Any CPU.ActiveCfg = Debug|Any CPU
		{5648C14B-9A38-44A1-81F4-CEC42D859EEC}.Debug|Any CPU.Build.0 = Debug|Any CPU
		{5648C14B-9A38-44A1-81F4-CEC42D859EEC}.Release|Any CPU.ActiveCfg = Release|Any CPU
		{5648C14B-9A38-44A1-81F4-CEC42D859EEC}.Release|Any CPU.Build.0 = Release|Any CPU
		{A4AE24C6-A4D6-4D6B-ADDC-73CD0829A1DE}.Debug|Any CPU.ActiveCfg = Debug|Any CPU
		{A4AE24C6-A4D6-4D6B-ADDC-73CD0829A1DE}.Debug|Any CPU.Build.0 = Debug|Any CPU
		{A4AE24C6-A4D6-4D6B-ADDC-73CD0829A1DE}.Release|Any CPU.ActiveCfg = Release|Any CPU
		{A4AE24C6-A4D6-4D6B-ADDC-73CD0829A1DE}.Release|Any CPU.Build.0 = Release|Any CPU
		{46A941F1-2536-4834-B491-35C6D73F9A1A}.Debug|Any CPU.ActiveCfg = Debug|Any CPU
		{46A941F1-2536-4834-B491-35C6D73F9A1A}.Debug|Any CPU.Build.0 = Debug|Any CPU
		{46A941F1-2536-4834-B491-35C6D73F9A1A}.Release|Any CPU.ActiveCfg = Release|Any CPU
		{46A941F1-2536-4834-B491-35C6D73F9A1A}.Release|Any CPU.Build.0 = Release|Any CPU
		{3EC9465D-952B-40D7-9990-D77C5B5DB748}.Debug|Any CPU.ActiveCfg = Debug|Any CPU
		{3EC9465D-952B-40D7-9990-D77C5B5DB748}.Debug|Any CPU.Build.0 = Debug|Any CPU
		{3EC9465D-952B-40D7-9990-D77C5B5DB748}.Release|Any CPU.ActiveCfg = Release|Any CPU
		{3EC9465D-952B-40D7-9990-D77C5B5DB748}.Release|Any CPU.Build.0 = Release|Any CPU
	EndGlobalSection
	GlobalSection(SolutionProperties) = preSolution
		HideSolutionNode = FALSE
	EndGlobalSection
	GlobalSection(NestedProjects) = preSolution
		{5E46170D-0935-4B72-A3F8-80DE6E4D18AC} = {02EA681E-C7D8-13C7-8484-4AC65E1B71E8}
		{C5A57894-3E7E-4EDC-B765-C5BFD8DDA398} = {02EA681E-C7D8-13C7-8484-4AC65E1B71E8}
		{AF010D27-0CCF-4B30-8168-273472BFBEFD} = {02EA681E-C7D8-13C7-8484-4AC65E1B71E8}
		{55361254-1B6F-4E47-9E02-E62478867E54} = {EF073833-0A0C-4D87-A938-6E063993D261}
		{BDCB2E5A-D4AD-4BD1-A1DB-931E60CB4138} = {EF073833-0A0C-4D87-A938-6E063993D261}
		{3B08DB47-F8BC-4B7D-9656-4187784B5DD4} = {EF073833-0A0C-4D87-A938-6E063993D261}
		{168F99EB-2E92-481B-96A5-728558136DAF} = {B571336F-2F39-45DE-87AD-18CBE0A02367}
		{BC9DD0D3-66E0-456B-A005-55E586A34524} = {B571336F-2F39-45DE-87AD-18CBE0A02367}
		{5648C14B-9A38-44A1-81F4-CEC42D859EEC} = {B571336F-2F39-45DE-87AD-18CBE0A02367}
		{A4AE24C6-A4D6-4D6B-ADDC-73CD0829A1DE} = {9BE23186-CE45-4456-AB18-B70AF319D6B6}
		{46A941F1-2536-4834-B491-35C6D73F9A1A} = {9BE23186-CE45-4456-AB18-B70AF319D6B6}
		{3EC9465D-952B-40D7-9990-D77C5B5DB748} = {9BE23186-CE45-4456-AB18-B70AF319D6B6}
	EndGlobalSection
	GlobalSection(ExtensibilityGlobals) = postSolution
		SolutionGuid = {D36853B6-D87E-4E5B-AD44-7496612A22B8}
	EndGlobalSection
EndGlobal
